# This file was autogenerated by Stack.
# You should not edit this file by hand.
# For more information, please see the documentation at:
#   https://docs.haskellstack.org/en/stable/lock_files

packages:
- completed:
    hackage: approx-0.1.0.0@sha256:69cd865b627290266c5dea8899849360e90f7b44cf0390c4497294cc6a7c54a1,1976
    pantry-tree:
      size: 412
      sha256: 03a8a787c30fa59767f83bf2d37a54a73cf5f7dad6fdba9c4f42e153b5810f3b
  original:
    hackage: approx-0.1.0.0
snapshots:
- completed:
    size: 533252
    url: https://raw.githubusercontent.com/commercialhaskell/stackage-snapshots/master/lts/16/26.yaml
    sha256: cdbc5db9c1afe80a5998247939027a0c7db92fa0f20b5cd01596ec3da628b622
  original: lts-16.26
