# This file was autogenerated by Stack.
# You should not edit this file by hand.
# For more information, please see the documentation at:
#   https://docs.haskellstack.org/en/stable/lock_files

packages:
- completed:
    name: utilz
    version: 0.1.0.0
    git: https://github.com/n-kishaloy/utilz.git
    pantry-tree:
      size: 852
      sha256: bbf2b5e90e1d21f1486b09d50a656881e02fec034e186cea77db1b55b567844a
    commit: 790a4cb85adfb40afb4b42e9055ed49f991d8191
  original:
    git: https://github.com/n-kishaloy/utilz.git
    commit: 790a4cb85adfb40afb4b42e9055ed49f991d8191
snapshots:
- completed:
    size: 491372
    url: https://raw.githubusercontent.com/commercialhaskell/stackage-snapshots/master/lts/15/5.yaml
    sha256: 1b549cfff328040c382a70a84a2087aac8dab6d778bf92f32a93a771a1980dfc
  original: lts-15.5
