# This file was autogenerated by Stack.
# You should not edit this file by hand.
# For more information, please see the documentation at:
#   https://docs.haskellstack.org/en/stable/lock_files

packages:
- completed:
    name: utilz
    version: 0.1.0.0
    git: https://github.com/n-kishaloy/utilz.git
    pantry-tree:
      size: 852
      sha256: 54e41e71735ec13a2a2a48b12c27d34c73c16d81537f0010d55b02ca7720478c
    commit: 3416df3cdff87d4e163f1a25ce288b9e88c05f28
  original:
    git: https://github.com/n-kishaloy/utilz.git
    commit: 3416df3cdff87d4e163f1a25ce288b9e88c05f28
- completed:
    name: approx
    version: 0.1.0.0
    git: https://github.com/n-kishaloy/approx.git
    pantry-tree:
      size: 670
      sha256: bce235d8de275b1090068f52b71e2cbdf3aea317e04710b2d8927528ff82593f
    commit: 3ede4fc84fdd951e47d471667c7e997eec1a630c
  original:
    git: https://github.com/n-kishaloy/approx.git
    commit: 3ede4fc84fdd951e47d471667c7e997eec1a630c
snapshots:
- completed:
    size: 491372
    url: https://raw.githubusercontent.com/commercialhaskell/stackage-snapshots/master/lts/15/5.yaml
    sha256: 1b549cfff328040c382a70a84a2087aac8dab6d778bf92f32a93a771a1980dfc
  original: lts-15.5
